// !$*UTF8*$!
{
	archiveVersion = 1;
	classes = {
	};
	objectVersion = 56;
	objects = {

/* Begin PBXBuildFile section */
		956875EE2A8A1DBA004C5446 /* NihongoApp.swift in Sources */ = {isa = PBXBuildFile; fileRef = 956875ED2A8A1DBA004C5446 /* NihongoApp.swift */; };
		956875F02A8A1DBA004C5446 /* WelcomeScreen.swift in Sources */ = {isa = PBXBuildFile; fileRef = 956875EF2A8A1DBA004C5446 /* WelcomeScreen.swift */; };
		956875F22A8A1DC1004C5446 /* Assets.xcassets in Resources */ = {isa = PBXBuildFile; fileRef = 956875F12A8A1DC1004C5446 /* Assets.xcassets */; };
		956875F52A8A1DC1004C5446 /* Preview Assets.xcassets in Resources */ = {isa = PBXBuildFile; fileRef = 956875F42A8A1DC1004C5446 /* Preview Assets.xcassets */; };
		956875FF2A8A1DC1004C5446 /* NihongoTests.swift in Sources */ = {isa = PBXBuildFile; fileRef = 956875FE2A8A1DC1004C5446 /* NihongoTests.swift */; };
		9589F9712A8A4595006DD5E5 /* YS.TTF in Resources */ = {isa = PBXBuildFile; fileRef = 9589F9702A8A2A1C006DD5E5 /* YS.TTF */; };
		9589F9722A8A459B006DD5E5 /* QuicksandRegular.otf in Resources */ = {isa = PBXBuildFile; fileRef = 9589F96B2A8A2956006DD5E5 /* QuicksandRegular.otf */; };
		9589F9732A8A459B006DD5E5 /* QuicksandObliqueLight.otf in Resources */ = {isa = PBXBuildFile; fileRef = 9589F96C2A8A2956006DD5E5 /* QuicksandObliqueLight.otf */; };
		9589F9742A8A459B006DD5E5 /* QuicksandObliqueRegular.otf in Resources */ = {isa = PBXBuildFile; fileRef = 9589F96A2A8A2956006DD5E5 /* QuicksandObliqueRegular.otf */; };
		9589F9752A8A459B006DD5E5 /* QuicksandLight.otf in Resources */ = {isa = PBXBuildFile; fileRef = 9589F9692A8A2956006DD5E5 /* QuicksandLight.otf */; };
		9589F9792A8A479B006DD5E5 /* SuitableText.swift in Sources */ = {isa = PBXBuildFile; fileRef = 9589F9782A8A479B006DD5E5 /* SuitableText.swift */; };
		9589F97D2A8A517F006DD5E5 /* Fonts.swift in Sources */ = {isa = PBXBuildFile; fileRef = 9589F97C2A8A517F006DD5E5 /* Fonts.swift */; };
		9589F9822A8A6620006DD5E5 /* MenuScreen.swift in Sources */ = {isa = PBXBuildFile; fileRef = 9589F9812A8A6620006DD5E5 /* MenuScreen.swift */; };
		9589F9852A8B623E006DD5E5 /* Colors.swift in Sources */ = {isa = PBXBuildFile; fileRef = 9589F9842A8B623E006DD5E5 /* Colors.swift */; };
		9589F9872A8B6364006DD5E5 /* Buttons.swift in Sources */ = {isa = PBXBuildFile; fileRef = 9589F9862A8B6364006DD5E5 /* Buttons.swift */; };
		9589F9892A8B66C4006DD5E5 /* ContainerView.swift in Sources */ = {isa = PBXBuildFile; fileRef = 9589F9882A8B66C4006DD5E5 /* ContainerView.swift */; };
		959AFE992A988F3E0072DECE /* NavigableMenuButton.swift in Sources */ = {isa = PBXBuildFile; fileRef = 959AFE982A988F3E0072DECE /* NavigableMenuButton.swift */; };
		959AFE9B2A9892660072DECE /* Loadable.swift in Sources */ = {isa = PBXBuildFile; fileRef = 959AFE9A2A9892660072DECE /* Loadable.swift */; };
		959AFE9D2A98B59F0072DECE /* CancelBag.swift in Sources */ = {isa = PBXBuildFile; fileRef = 959AFE9C2A98B59F0072DECE /* CancelBag.swift */; };
		95A88F842A8CAE3E00953FA2 /* VocabularyDisplay.swift in Sources */ = {isa = PBXBuildFile; fileRef = 95A88F832A8CAE3E00953FA2 /* VocabularyDisplay.swift */; };
		95A88F862A8CB5C600953FA2 /* FontSize.swift in Sources */ = {isa = PBXBuildFile; fileRef = 95A88F852A8CB5C600953FA2 /* FontSize.swift */; };
		95A88F882A8CBF7900953FA2 /* Reader.swift in Sources */ = {isa = PBXBuildFile; fileRef = 95A88F872A8CBF7900953FA2 /* Reader.swift */; };
		95A88F8B2A8DFE0700953FA2 /* VocabularyFR-JP.swift in Sources */ = {isa = PBXBuildFile; fileRef = 95A88F8A2A8DFE0700953FA2 /* VocabularyFR-JP.swift */; };
		95A88F8D2A8DFFBB00953FA2 /* VocabularyGenerator.swift in Sources */ = {isa = PBXBuildFile; fileRef = 95A88F8C2A8DFFBB00953FA2 /* VocabularyGenerator.swift */; };
		95B2C5992A923B69009A4370 /* VocabularyDisplayViewModelTests.swift in Sources */ = {isa = PBXBuildFile; fileRef = 95B2C5982A923B69009A4370 /* VocabularyDisplayViewModelTests.swift */; };
		95B2C59B2A923C29009A4370 /* StubTextReader.swift in Sources */ = {isa = PBXBuildFile; fileRef = 95B2C59A2A923C29009A4370 /* StubTextReader.swift */; };
		95B2C59D2A923C97009A4370 /* StubContentGenerator.swift in Sources */ = {isa = PBXBuildFile; fileRef = 95B2C59C2A923C97009A4370 /* StubContentGenerator.swift */; };
		95BB26B12A9B575A00C0C159 /* NavigableVoiceMenuButton.swift in Sources */ = {isa = PBXBuildFile; fileRef = 95BB26B02A9B575A00C0C159 /* NavigableVoiceMenuButton.swift */; };
		95C0F73E2A935E3E009D5B0E /* VoiceRecognitionDisplay.swift in Sources */ = {isa = PBXBuildFile; fileRef = 95C0F73D2A935E3E009D5B0E /* VoiceRecognitionDisplay.swift */; };
		95C0F7412A936296009D5B0E /* VoiceAuthorization.swift in Sources */ = {isa = PBXBuildFile; fileRef = 95C0F7402A936296009D5B0E /* VoiceAuthorization.swift */; };
		95C0F7432A936321009D5B0E /* AuthorizationRequest.swift in Sources */ = {isa = PBXBuildFile; fileRef = 95C0F7422A936321009D5B0E /* AuthorizationRequest.swift */; };
		95E29F8D2A9F260800006C39 /* VoiceTranscriber.swift in Sources */ = {isa = PBXBuildFile; fileRef = 95E29F8C2A9F260800006C39 /* VoiceTranscriber.swift */; };
/* End PBXBuildFile section */

/* Begin PBXContainerItemProxy section */
		956875FB2A8A1DC1004C5446 /* PBXContainerItemProxy */ = {
			isa = PBXContainerItemProxy;
			containerPortal = 956875E22A8A1DBA004C5446 /* Project object */;
			proxyType = 1;
			remoteGlobalIDString = 956875E92A8A1DBA004C5446;
			remoteInfo = Nihongo;
		};
/* End PBXContainerItemProxy section */

/* Begin PBXFileReference section */
		956875EA2A8A1DBA004C5446 /* Nihongo.app */ = {isa = PBXFileReference; explicitFileType = wrapper.application; includeInIndex = 0; path = Nihongo.app; sourceTree = BUILT_PRODUCTS_DIR; };
		956875ED2A8A1DBA004C5446 /* NihongoApp.swift */ = {isa = PBXFileReference; lastKnownFileType = sourcecode.swift; path = NihongoApp.swift; sourceTree = "<group>"; };
		956875EF2A8A1DBA004C5446 /* WelcomeScreen.swift */ = {isa = PBXFileReference; lastKnownFileType = sourcecode.swift; path = WelcomeScreen.swift; sourceTree = "<group>"; };
		956875F12A8A1DC1004C5446 /* Assets.xcassets */ = {isa = PBXFileReference; lastKnownFileType = folder.assetcatalog; path = Assets.xcassets; sourceTree = "<group>"; };
		956875F42A8A1DC1004C5446 /* Preview Assets.xcassets */ = {isa = PBXFileReference; lastKnownFileType = folder.assetcatalog; path = "Preview Assets.xcassets"; sourceTree = "<group>"; };
		956875FA2A8A1DC1004C5446 /* NihongoTests.xctest */ = {isa = PBXFileReference; explicitFileType = wrapper.cfbundle; includeInIndex = 0; path = NihongoTests.xctest; sourceTree = BUILT_PRODUCTS_DIR; };
		956875FE2A8A1DC1004C5446 /* NihongoTests.swift */ = {isa = PBXFileReference; lastKnownFileType = sourcecode.swift; path = NihongoTests.swift; sourceTree = "<group>"; };
		9589F9692A8A2956006DD5E5 /* QuicksandLight.otf */ = {isa = PBXFileReference; lastKnownFileType = file; path = QuicksandLight.otf; sourceTree = "<group>"; };
		9589F96A2A8A2956006DD5E5 /* QuicksandObliqueRegular.otf */ = {isa = PBXFileReference; lastKnownFileType = file; path = QuicksandObliqueRegular.otf; sourceTree = "<group>"; };
		9589F96B2A8A2956006DD5E5 /* QuicksandRegular.otf */ = {isa = PBXFileReference; lastKnownFileType = file; path = QuicksandRegular.otf; sourceTree = "<group>"; };
		9589F96C2A8A2956006DD5E5 /* QuicksandObliqueLight.otf */ = {isa = PBXFileReference; lastKnownFileType = file; path = QuicksandObliqueLight.otf; sourceTree = "<group>"; };
		9589F9702A8A2A1C006DD5E5 /* YS.TTF */ = {isa = PBXFileReference; lastKnownFileType = file; path = YS.TTF; sourceTree = "<group>"; };
		9589F9782A8A479B006DD5E5 /* SuitableText.swift */ = {isa = PBXFileReference; lastKnownFileType = sourcecode.swift; path = SuitableText.swift; sourceTree = "<group>"; };
		9589F97C2A8A517F006DD5E5 /* Fonts.swift */ = {isa = PBXFileReference; lastKnownFileType = sourcecode.swift; path = Fonts.swift; sourceTree = "<group>"; };
		9589F9812A8A6620006DD5E5 /* MenuScreen.swift */ = {isa = PBXFileReference; lastKnownFileType = sourcecode.swift; path = MenuScreen.swift; sourceTree = "<group>"; };
		9589F9842A8B623E006DD5E5 /* Colors.swift */ = {isa = PBXFileReference; lastKnownFileType = sourcecode.swift; path = Colors.swift; sourceTree = "<group>"; };
		9589F9862A8B6364006DD5E5 /* Buttons.swift */ = {isa = PBXFileReference; lastKnownFileType = sourcecode.swift; path = Buttons.swift; sourceTree = "<group>"; };
		9589F9882A8B66C4006DD5E5 /* ContainerView.swift */ = {isa = PBXFileReference; lastKnownFileType = sourcecode.swift; path = ContainerView.swift; sourceTree = "<group>"; };
		959AFE982A988F3E0072DECE /* NavigableMenuButton.swift */ = {isa = PBXFileReference; lastKnownFileType = sourcecode.swift; path = NavigableMenuButton.swift; sourceTree = "<group>"; };
		959AFE9A2A9892660072DECE /* Loadable.swift */ = {isa = PBXFileReference; lastKnownFileType = sourcecode.swift; path = Loadable.swift; sourceTree = "<group>"; };
		959AFE9C2A98B59F0072DECE /* CancelBag.swift */ = {isa = PBXFileReference; lastKnownFileType = sourcecode.swift; path = CancelBag.swift; sourceTree = "<group>"; };
		95A88F832A8CAE3E00953FA2 /* VocabularyDisplay.swift */ = {isa = PBXFileReference; lastKnownFileType = sourcecode.swift; path = VocabularyDisplay.swift; sourceTree = "<group>"; };
		95A88F852A8CB5C600953FA2 /* FontSize.swift */ = {isa = PBXFileReference; lastKnownFileType = sourcecode.swift; path = FontSize.swift; sourceTree = "<group>"; };
		95A88F872A8CBF7900953FA2 /* Reader.swift */ = {isa = PBXFileReference; lastKnownFileType = sourcecode.swift; path = Reader.swift; sourceTree = "<group>"; };
		95A88F8A2A8DFE0700953FA2 /* VocabularyFR-JP.swift */ = {isa = PBXFileReference; lastKnownFileType = sourcecode.swift; path = "VocabularyFR-JP.swift"; sourceTree = "<group>"; };
		95A88F8C2A8DFFBB00953FA2 /* VocabularyGenerator.swift */ = {isa = PBXFileReference; lastKnownFileType = sourcecode.swift; path = VocabularyGenerator.swift; sourceTree = "<group>"; };
		95B2C5982A923B69009A4370 /* VocabularyDisplayViewModelTests.swift */ = {isa = PBXFileReference; lastKnownFileType = sourcecode.swift; path = VocabularyDisplayViewModelTests.swift; sourceTree = "<group>"; };
		95B2C59A2A923C29009A4370 /* StubTextReader.swift */ = {isa = PBXFileReference; lastKnownFileType = sourcecode.swift; path = StubTextReader.swift; sourceTree = "<group>"; };
		95B2C59C2A923C97009A4370 /* StubContentGenerator.swift */ = {isa = PBXFileReference; lastKnownFileType = sourcecode.swift; path = StubContentGenerator.swift; sourceTree = "<group>"; };
		95BB26B02A9B575A00C0C159 /* NavigableVoiceMenuButton.swift */ = {isa = PBXFileReference; lastKnownFileType = sourcecode.swift; path = NavigableVoiceMenuButton.swift; sourceTree = "<group>"; };
		95C0F73D2A935E3E009D5B0E /* VoiceRecognitionDisplay.swift */ = {isa = PBXFileReference; lastKnownFileType = sourcecode.swift; path = VoiceRecognitionDisplay.swift; sourceTree = "<group>"; };
		95C0F7402A936296009D5B0E /* VoiceAuthorization.swift */ = {isa = PBXFileReference; lastKnownFileType = sourcecode.swift; path = VoiceAuthorization.swift; sourceTree = "<group>"; };
		95C0F7422A936321009D5B0E /* AuthorizationRequest.swift */ = {isa = PBXFileReference; lastKnownFileType = sourcecode.swift; path = AuthorizationRequest.swift; sourceTree = "<group>"; };
		95E29F8C2A9F260800006C39 /* VoiceTranscriber.swift */ = {isa = PBXFileReference; lastKnownFileType = sourcecode.swift; path = VoiceTranscriber.swift; sourceTree = "<group>"; };
/* End PBXFileReference section */

/* Begin PBXFrameworksBuildPhase section */
		956875E72A8A1DBA004C5446 /* Frameworks */ = {
			isa = PBXFrameworksBuildPhase;
			buildActionMask = 2147483647;
			files = (
			);
			runOnlyForDeploymentPostprocessing = 0;
		};
		956875F72A8A1DC1004C5446 /* Frameworks */ = {
			isa = PBXFrameworksBuildPhase;
			buildActionMask = 2147483647;
			files = (
			);
			runOnlyForDeploymentPostprocessing = 0;
		};
/* End PBXFrameworksBuildPhase section */

/* Begin PBXGroup section */
		956875E12A8A1DBA004C5446 = {
			isa = PBXGroup;
			children = (
				95A88F892A8DFDF100953FA2 /* JSON */,
				9589F9832A8B622D006DD5E5 /* UI */,
				956875EC2A8A1DBA004C5446 /* Nihongo */,
				956875FD2A8A1DC1004C5446 /* NihongoTests */,
				956875EB2A8A1DBA004C5446 /* Products */,
			);
			sourceTree = "<group>";
		};
		956875EB2A8A1DBA004C5446 /* Products */ = {
			isa = PBXGroup;
			children = (
				956875EA2A8A1DBA004C5446 /* Nihongo.app */,
				956875FA2A8A1DC1004C5446 /* NihongoTests.xctest */,
			);
			name = Products;
			sourceTree = "<group>";
		};
		956875EC2A8A1DBA004C5446 /* Nihongo */ = {
			isa = PBXGroup;
			children = (
				959AFE972A988F2F0072DECE /* Menu */,
				95C0F73F2A936282009D5B0E /* Authorization */,
				95C0F73C2A935E16009D5B0E /* VocalRecognition */,
				95C0F73B2A935DFE009D5B0E /* Generator */,
				95A88F812A8CADE000953FA2 /* Vocabulary */,
				9589F9602A8A2898006DD5E5 /* Fonts */,
				956875ED2A8A1DBA004C5446 /* NihongoApp.swift */,
				956875EF2A8A1DBA004C5446 /* WelcomeScreen.swift */,
				956875F12A8A1DC1004C5446 /* Assets.xcassets */,
				956875F32A8A1DC1004C5446 /* Preview Content */,
				9589F9782A8A479B006DD5E5 /* SuitableText.swift */,
				95A88F872A8CBF7900953FA2 /* Reader.swift */,
				959AFE9A2A9892660072DECE /* Loadable.swift */,
				959AFE9C2A98B59F0072DECE /* CancelBag.swift */,
			);
			path = Nihongo;
			sourceTree = "<group>";
		};
		956875F32A8A1DC1004C5446 /* Preview Content */ = {
			isa = PBXGroup;
			children = (
				956875F42A8A1DC1004C5446 /* Preview Assets.xcassets */,
			);
			path = "Preview Content";
			sourceTree = "<group>";
		};
		956875FD2A8A1DC1004C5446 /* NihongoTests */ = {
			isa = PBXGroup;
			children = (
				956875FE2A8A1DC1004C5446 /* NihongoTests.swift */,
				95B2C5972A923B55009A4370 /* Vocabulary */,
				95B2C59A2A923C29009A4370 /* StubTextReader.swift */,
				95B2C59C2A923C97009A4370 /* StubContentGenerator.swift */,
			);
			path = NihongoTests;
			sourceTree = "<group>";
		};
		9589F9602A8A2898006DD5E5 /* Fonts */ = {
			isa = PBXGroup;
			children = (
				9589F96D2A8A2980006DD5E5 /* Japanese */,
				9589F9682A8A294C006DD5E5 /* Latin */,
				9589F97C2A8A517F006DD5E5 /* Fonts.swift */,
				95A88F852A8CB5C600953FA2 /* FontSize.swift */,
			);
			path = Fonts;
			sourceTree = "<group>";
		};
		9589F9682A8A294C006DD5E5 /* Latin */ = {
			isa = PBXGroup;
			children = (
				9589F96A2A8A2956006DD5E5 /* QuicksandObliqueRegular.otf */,
				9589F96B2A8A2956006DD5E5 /* QuicksandRegular.otf */,
				9589F96C2A8A2956006DD5E5 /* QuicksandObliqueLight.otf */,
				9589F9692A8A2956006DD5E5 /* QuicksandLight.otf */,
			);
			path = Latin;
			sourceTree = "<group>";
		};
		9589F96D2A8A2980006DD5E5 /* Japanese */ = {
			isa = PBXGroup;
			children = (
				9589F9702A8A2A1C006DD5E5 /* YS.TTF */,
			);
			path = Japanese;
			sourceTree = "<group>";
		};
		9589F9832A8B622D006DD5E5 /* UI */ = {
			isa = PBXGroup;
			children = (
				9589F9842A8B623E006DD5E5 /* Colors.swift */,
				9589F9862A8B6364006DD5E5 /* Buttons.swift */,
				9589F9882A8B66C4006DD5E5 /* ContainerView.swift */,
			);
			path = UI;
			sourceTree = "<group>";
		};
		959AFE972A988F2F0072DECE /* Menu */ = {
			isa = PBXGroup;
			children = (
				9589F9812A8A6620006DD5E5 /* MenuScreen.swift */,
				959AFE982A988F3E0072DECE /* NavigableMenuButton.swift */,
				95BB26B02A9B575A00C0C159 /* NavigableVoiceMenuButton.swift */,
			);
			path = Menu;
			sourceTree = "<group>";
		};
		95A88F812A8CADE000953FA2 /* Vocabulary */ = {
			isa = PBXGroup;
			children = (
				95A88F832A8CAE3E00953FA2 /* VocabularyDisplay.swift */,
			);
			path = Vocabulary;
			sourceTree = "<group>";
		};
		95A88F892A8DFDF100953FA2 /* JSON */ = {
			isa = PBXGroup;
			children = (
				95A88F8A2A8DFE0700953FA2 /* VocabularyFR-JP.swift */,
			);
			path = JSON;
			sourceTree = "<group>";
		};
		95B2C5972A923B55009A4370 /* Vocabulary */ = {
			isa = PBXGroup;
			children = (
				95B2C5982A923B69009A4370 /* VocabularyDisplayViewModelTests.swift */,
			);
			path = Vocabulary;
			sourceTree = "<group>";
		};
		95C0F73B2A935DFE009D5B0E /* Generator */ = {
			isa = PBXGroup;
			children = (
				95A88F8C2A8DFFBB00953FA2 /* VocabularyGenerator.swift */,
			);
			path = Generator;
			sourceTree = "<group>";
		};
		95C0F73C2A935E16009D5B0E /* VocalRecognition */ = {
			isa = PBXGroup;
			children = (
				95C0F73D2A935E3E009D5B0E /* VoiceRecognitionDisplay.swift */,
				95E29F8C2A9F260800006C39 /* VoiceTranscriber.swift */,
			);
			path = VocalRecognition;
			sourceTree = "<group>";
		};
		95C0F73F2A936282009D5B0E /* Authorization */ = {
			isa = PBXGroup;
			children = (
				95C0F7402A936296009D5B0E /* VoiceAuthorization.swift */,
				95C0F7422A936321009D5B0E /* AuthorizationRequest.swift */,
			);
			path = Authorization;
			sourceTree = "<group>";
		};
/* End PBXGroup section */

/* Begin PBXNativeTarget section */
		956875E92A8A1DBA004C5446 /* Nihongo */ = {
			isa = PBXNativeTarget;
			buildConfigurationList = 9568760E2A8A1DC2004C5446 /* Build configuration list for PBXNativeTarget "Nihongo" */;
			buildPhases = (
				956875E62A8A1DBA004C5446 /* Sources */,
				956875E72A8A1DBA004C5446 /* Frameworks */,
				956875E82A8A1DBA004C5446 /* Resources */,
			);
			buildRules = (
			);
			dependencies = (
			);
			name = Nihongo;
			productName = Nihongo;
			productReference = 956875EA2A8A1DBA004C5446 /* Nihongo.app */;
			productType = "com.apple.product-type.application";
		};
		956875F92A8A1DC1004C5446 /* NihongoTests */ = {
			isa = PBXNativeTarget;
			buildConfigurationList = 956876112A8A1DC2004C5446 /* Build configuration list for PBXNativeTarget "NihongoTests" */;
			buildPhases = (
				956875F62A8A1DC1004C5446 /* Sources */,
				956875F72A8A1DC1004C5446 /* Frameworks */,
				956875F82A8A1DC1004C5446 /* Resources */,
			);
			buildRules = (
			);
			dependencies = (
				956875FC2A8A1DC1004C5446 /* PBXTargetDependency */,
			);
			name = NihongoTests;
			productName = NihongoTests;
			productReference = 956875FA2A8A1DC1004C5446 /* NihongoTests.xctest */;
			productType = "com.apple.product-type.bundle.unit-test";
		};
/* End PBXNativeTarget section */

/* Begin PBXProject section */
		956875E22A8A1DBA004C5446 /* Project object */ = {
			isa = PBXProject;
			attributes = {
				BuildIndependentTargetsInParallel = 1;
				LastSwiftUpdateCheck = 1420;
				LastUpgradeCheck = 1420;
				TargetAttributes = {
					956875E92A8A1DBA004C5446 = {
						CreatedOnToolsVersion = 14.2;
					};
					956875F92A8A1DC1004C5446 = {
						CreatedOnToolsVersion = 14.2;
						TestTargetID = 956875E92A8A1DBA004C5446;
					};
				};
			};
			buildConfigurationList = 956875E52A8A1DBA004C5446 /* Build configuration list for PBXProject "Nihongo" */;
			compatibilityVersion = "Xcode 14.0";
			developmentRegion = en;
			hasScannedForEncodings = 0;
			knownRegions = (
				en,
				Base,
			);
			mainGroup = 956875E12A8A1DBA004C5446;
			productRefGroup = 956875EB2A8A1DBA004C5446 /* Products */;
			projectDirPath = "";
			projectRoot = "";
			targets = (
				956875E92A8A1DBA004C5446 /* Nihongo */,
				956875F92A8A1DC1004C5446 /* NihongoTests */,
			);
		};
/* End PBXProject section */

/* Begin PBXResourcesBuildPhase section */
		956875E82A8A1DBA004C5446 /* Resources */ = {
			isa = PBXResourcesBuildPhase;
			buildActionMask = 2147483647;
			files = (
				9589F9752A8A459B006DD5E5 /* QuicksandLight.otf in Resources */,
				9589F9732A8A459B006DD5E5 /* QuicksandObliqueLight.otf in Resources */,
				9589F9722A8A459B006DD5E5 /* QuicksandRegular.otf in Resources */,
				9589F9712A8A4595006DD5E5 /* YS.TTF in Resources */,
				956875F52A8A1DC1004C5446 /* Preview Assets.xcassets in Resources */,
				9589F9742A8A459B006DD5E5 /* QuicksandObliqueRegular.otf in Resources */,
				956875F22A8A1DC1004C5446 /* Assets.xcassets in Resources */,
			);
			runOnlyForDeploymentPostprocessing = 0;
		};
		956875F82A8A1DC1004C5446 /* Resources */ = {
			isa = PBXResourcesBuildPhase;
			buildActionMask = 2147483647;
			files = (
			);
			runOnlyForDeploymentPostprocessing = 0;
		};
/* End PBXResourcesBuildPhase section */

/* Begin PBXSourcesBuildPhase section */
		956875E62A8A1DBA004C5446 /* Sources */ = {
			isa = PBXSourcesBuildPhase;
			buildActionMask = 2147483647;
			files = (
				9589F9872A8B6364006DD5E5 /* Buttons.swift in Sources */,
				95BB26B12A9B575A00C0C159 /* NavigableVoiceMenuButton.swift in Sources */,
				95A88F862A8CB5C600953FA2 /* FontSize.swift in Sources */,
				95A88F842A8CAE3E00953FA2 /* VocabularyDisplay.swift in Sources */,
				95C0F7412A936296009D5B0E /* VoiceAuthorization.swift in Sources */,
				95A88F8B2A8DFE0700953FA2 /* VocabularyFR-JP.swift in Sources */,
				95A88F8D2A8DFFBB00953FA2 /* VocabularyGenerator.swift in Sources */,
				959AFE9D2A98B59F0072DECE /* CancelBag.swift in Sources */,
				95C0F73E2A935E3E009D5B0E /* VoiceRecognitionDisplay.swift in Sources */,
				9589F9822A8A6620006DD5E5 /* MenuScreen.swift in Sources */,
				9589F9852A8B623E006DD5E5 /* Colors.swift in Sources */,
				95A88F882A8CBF7900953FA2 /* Reader.swift in Sources */,
				9589F97D2A8A517F006DD5E5 /* Fonts.swift in Sources */,
				959AFE9B2A9892660072DECE /* Loadable.swift in Sources */,
				959AFE992A988F3E0072DECE /* NavigableMenuButton.swift in Sources */,
				9589F9892A8B66C4006DD5E5 /* ContainerView.swift in Sources */,
				956875F02A8A1DBA004C5446 /* WelcomeScreen.swift in Sources */,
				956875EE2A8A1DBA004C5446 /* NihongoApp.swift in Sources */,
				95E29F8D2A9F260800006C39 /* VoiceTranscriber.swift in Sources */,
				9589F9792A8A479B006DD5E5 /* SuitableText.swift in Sources */,
				95C0F7432A936321009D5B0E /* AuthorizationRequest.swift in Sources */,
			);
			runOnlyForDeploymentPostprocessing = 0;
		};
		956875F62A8A1DC1004C5446 /* Sources */ = {
			isa = PBXSourcesBuildPhase;
			buildActionMask = 2147483647;
			files = (
				956875FF2A8A1DC1004C5446 /* NihongoTests.swift in Sources */,
				95B2C59D2A923C97009A4370 /* StubContentGenerator.swift in Sources */,
				95B2C5992A923B69009A4370 /* VocabularyDisplayViewModelTests.swift in Sources */,
				95B2C59B2A923C29009A4370 /* StubTextReader.swift in Sources */,
			);
			runOnlyForDeploymentPostprocessing = 0;
		};
/* End PBXSourcesBuildPhase section */

/* Begin PBXTargetDependency section */
		956875FC2A8A1DC1004C5446 /* PBXTargetDependency */ = {
			isa = PBXTargetDependency;
			target = 956875E92A8A1DBA004C5446 /* Nihongo */;
			targetProxy = 956875FB2A8A1DC1004C5446 /* PBXContainerItemProxy */;
		};
/* End PBXTargetDependency section */

/* Begin XCBuildConfiguration section */
		9568760C2A8A1DC2004C5446 /* Debug */ = {
			isa = XCBuildConfiguration;
			buildSettings = {
				ALWAYS_SEARCH_USER_PATHS = NO;
				CLANG_ANALYZER_NONNULL = YES;
				CLANG_ANALYZER_NUMBER_OBJECT_CONVERSION = YES_AGGRESSIVE;
				CLANG_CXX_LANGUAGE_STANDARD = "gnu++20";
				CLANG_ENABLE_MODULES = YES;
				CLANG_ENABLE_OBJC_ARC = YES;
				CLANG_ENABLE_OBJC_WEAK = YES;
				CLANG_WARN_BLOCK_CAPTURE_AUTORELEASING = YES;
				CLANG_WARN_BOOL_CONVERSION = YES;
				CLANG_WARN_COMMA = YES;
				CLANG_WARN_CONSTANT_CONVERSION = YES;
				CLANG_WARN_DEPRECATED_OBJC_IMPLEMENTATIONS = YES;
				CLANG_WARN_DIRECT_OBJC_ISA_USAGE = YES_ERROR;
				CLANG_WARN_DOCUMENTATION_COMMENTS = YES;
				CLANG_WARN_EMPTY_BODY = YES;
				CLANG_WARN_ENUM_CONVERSION = YES;
				CLANG_WARN_INFINITE_RECURSION = YES;
				CLANG_WARN_INT_CONVERSION = YES;
				CLANG_WARN_NON_LITERAL_NULL_CONVERSION = YES;
				CLANG_WARN_OBJC_IMPLICIT_RETAIN_SELF = YES;
				CLANG_WARN_OBJC_LITERAL_CONVERSION = YES;
				CLANG_WARN_OBJC_ROOT_CLASS = YES_ERROR;
				CLANG_WARN_QUOTED_INCLUDE_IN_FRAMEWORK_HEADER = YES;
				CLANG_WARN_RANGE_LOOP_ANALYSIS = YES;
				CLANG_WARN_STRICT_PROTOTYPES = YES;
				CLANG_WARN_SUSPICIOUS_MOVE = YES;
				CLANG_WARN_UNGUARDED_AVAILABILITY = YES_AGGRESSIVE;
				CLANG_WARN_UNREACHABLE_CODE = YES;
				CLANG_WARN__DUPLICATE_METHOD_MATCH = YES;
				COPY_PHASE_STRIP = NO;
				DEBUG_INFORMATION_FORMAT = dwarf;
				ENABLE_STRICT_OBJC_MSGSEND = YES;
				ENABLE_TESTABILITY = YES;
				GCC_C_LANGUAGE_STANDARD = gnu11;
				GCC_DYNAMIC_NO_PIC = NO;
				GCC_NO_COMMON_BLOCKS = YES;
				GCC_OPTIMIZATION_LEVEL = 0;
				GCC_PREPROCESSOR_DEFINITIONS = (
					"DEBUG=1",
					"$(inherited)",
				);
				GCC_WARN_64_TO_32_BIT_CONVERSION = YES;
				GCC_WARN_ABOUT_RETURN_TYPE = YES_ERROR;
				GCC_WARN_UNDECLARED_SELECTOR = YES;
				GCC_WARN_UNINITIALIZED_AUTOS = YES_AGGRESSIVE;
				GCC_WARN_UNUSED_FUNCTION = YES;
				GCC_WARN_UNUSED_VARIABLE = YES;
				IPHONEOS_DEPLOYMENT_TARGET = 16.2;
				MTL_ENABLE_DEBUG_INFO = INCLUDE_SOURCE;
				MTL_FAST_MATH = YES;
				ONLY_ACTIVE_ARCH = YES;
				SDKROOT = iphoneos;
				SWIFT_ACTIVE_COMPILATION_CONDITIONS = DEBUG;
				SWIFT_OPTIMIZATION_LEVEL = "-Onone";
			};
			name = Debug;
		};
		9568760D2A8A1DC2004C5446 /* Release */ = {
			isa = XCBuildConfiguration;
			buildSettings = {
				ALWAYS_SEARCH_USER_PATHS = NO;
				CLANG_ANALYZER_NONNULL = YES;
				CLANG_ANALYZER_NUMBER_OBJECT_CONVERSION = YES_AGGRESSIVE;
				CLANG_CXX_LANGUAGE_STANDARD = "gnu++20";
				CLANG_ENABLE_MODULES = YES;
				CLANG_ENABLE_OBJC_ARC = YES;
				CLANG_ENABLE_OBJC_WEAK = YES;
				CLANG_WARN_BLOCK_CAPTURE_AUTORELEASING = YES;
				CLANG_WARN_BOOL_CONVERSION = YES;
				CLANG_WARN_COMMA = YES;
				CLANG_WARN_CONSTANT_CONVERSION = YES;
				CLANG_WARN_DEPRECATED_OBJC_IMPLEMENTATIONS = YES;
				CLANG_WARN_DIRECT_OBJC_ISA_USAGE = YES_ERROR;
				CLANG_WARN_DOCUMENTATION_COMMENTS = YES;
				CLANG_WARN_EMPTY_BODY = YES;
				CLANG_WARN_ENUM_CONVERSION = YES;
				CLANG_WARN_INFINITE_RECURSION = YES;
				CLANG_WARN_INT_CONVERSION = YES;
				CLANG_WARN_NON_LITERAL_NULL_CONVERSION = YES;
				CLANG_WARN_OBJC_IMPLICIT_RETAIN_SELF = YES;
				CLANG_WARN_OBJC_LITERAL_CONVERSION = YES;
				CLANG_WARN_OBJC_ROOT_CLASS = YES_ERROR;
				CLANG_WARN_QUOTED_INCLUDE_IN_FRAMEWORK_HEADER = YES;
				CLANG_WARN_RANGE_LOOP_ANALYSIS = YES;
				CLANG_WARN_STRICT_PROTOTYPES = YES;
				CLANG_WARN_SUSPICIOUS_MOVE = YES;
				CLANG_WARN_UNGUARDED_AVAILABILITY = YES_AGGRESSIVE;
				CLANG_WARN_UNREACHABLE_CODE = YES;
				CLANG_WARN__DUPLICATE_METHOD_MATCH = YES;
				COPY_PHASE_STRIP = NO;
				DEBUG_INFORMATION_FORMAT = "dwarf-with-dsym";
				ENABLE_NS_ASSERTIONS = NO;
				ENABLE_STRICT_OBJC_MSGSEND = YES;
				GCC_C_LANGUAGE_STANDARD = gnu11;
				GCC_NO_COMMON_BLOCKS = YES;
				GCC_WARN_64_TO_32_BIT_CONVERSION = YES;
				GCC_WARN_ABOUT_RETURN_TYPE = YES_ERROR;
				GCC_WARN_UNDECLARED_SELECTOR = YES;
				GCC_WARN_UNINITIALIZED_AUTOS = YES_AGGRESSIVE;
				GCC_WARN_UNUSED_FUNCTION = YES;
				GCC_WARN_UNUSED_VARIABLE = YES;
				IPHONEOS_DEPLOYMENT_TARGET = 16.2;
				MTL_ENABLE_DEBUG_INFO = NO;
				MTL_FAST_MATH = YES;
				SDKROOT = iphoneos;
				SWIFT_COMPILATION_MODE = wholemodule;
				SWIFT_OPTIMIZATION_LEVEL = "-O";
				VALIDATE_PRODUCT = YES;
			};
			name = Release;
		};
		9568760F2A8A1DC2004C5446 /* Debug */ = {
			isa = XCBuildConfiguration;
			buildSettings = {
				ASSETCATALOG_COMPILER_APPICON_NAME = AppIcon;
				ASSETCATALOG_COMPILER_GLOBAL_ACCENT_COLOR_NAME = AccentColor;
				CODE_SIGN_STYLE = Automatic;
				CURRENT_PROJECT_VERSION = 1;
				DEVELOPMENT_ASSET_PATHS = "\"Nihongo/Preview Content\"";
				DEVELOPMENT_TEAM = 2C69642RJ3;
				ENABLE_PREVIEWS = YES;
				GENERATE_INFOPLIST_FILE = YES;
				INFOPLIST_FILE = Nihongo/Info.plist;
				INFOPLIST_KEY_NSMicrophoneUsageDescription = "";
				INFOPLIST_KEY_NSSpeechRecognitionUsageDescription = "Speech recognition";
				INFOPLIST_KEY_UIApplicationSceneManifest_Generation = YES;
				INFOPLIST_KEY_UIApplicationSupportsIndirectInputEvents = YES;
				INFOPLIST_KEY_UILaunchScreen_Generation = YES;
				INFOPLIST_KEY_UISupportedInterfaceOrientations_iPad = "UIInterfaceOrientationPortrait UIInterfaceOrientationPortraitUpsideDown UIInterfaceOrientationLandscapeLeft UIInterfaceOrientationLandscapeRight";
				INFOPLIST_KEY_UISupportedInterfaceOrientations_iPhone = "UIInterfaceOrientationPortrait UIInterfaceOrientationLandscapeLeft UIInterfaceOrientationLandscapeRight";
				LD_RUNPATH_SEARCH_PATHS = (
					"$(inherited)",
					"@executable_path/Frameworks",
				);
				MARKETING_VERSION = 1.0;
				PRODUCT_BUNDLE_IDENTIFIER = me.Nihongo;
				PRODUCT_NAME = "$(TARGET_NAME)";
				SWIFT_EMIT_LOC_STRINGS = YES;
				SWIFT_VERSION = 5.0;
				TARGETED_DEVICE_FAMILY = "1,2";
			};
			name = Debug;
		};
		956876102A8A1DC2004C5446 /* Release */ = {
			isa = XCBuildConfiguration;
			buildSettings = {
				ASSETCATALOG_COMPILER_APPICON_NAME = AppIcon;
				ASSETCATALOG_COMPILER_GLOBAL_ACCENT_COLOR_NAME = AccentColor;
				CODE_SIGN_STYLE = Automatic;
				CURRENT_PROJECT_VERSION = 1;
				DEVELOPMENT_ASSET_PATHS = "\"Nihongo/Preview Content\"";
				DEVELOPMENT_TEAM = 2C69642RJ3;
				ENABLE_PREVIEWS = YES;
				GENERATE_INFOPLIST_FILE = YES;
				INFOPLIST_FILE = Nihongo/Info.plist;
				INFOPLIST_KEY_NSMicrophoneUsageDescription = "";
				INFOPLIST_KEY_NSSpeechRecognitionUsageDescription = "Speech recognition";
				INFOPLIST_KEY_UIApplicationSceneManifest_Generation = YES;
				INFOPLIST_KEY_UIApplicationSupportsIndirectInputEvents = YES;
				INFOPLIST_KEY_UILaunchScreen_Generation = YES;
				INFOPLIST_KEY_UISupportedInterfaceOrientations_iPad = "UIInterfaceOrientationPortrait UIInterfaceOrientationPortraitUpsideDown UIInterfaceOrientationLandscapeLeft UIInterfaceOrientationLandscapeRight";
				INFOPLIST_KEY_UISupportedInterfaceOrientations_iPhone = "UIInterfaceOrientationPortrait UIInterfaceOrientationLandscapeLeft UIInterfaceOrientationLandscapeRight";
				LD_RUNPATH_SEARCH_PATHS = (
					"$(inherited)",
					"@executable_path/Frameworks",
				);
				MARKETING_VERSION = 1.0;
				PRODUCT_BUNDLE_IDENTIFIER = me.Nihongo;
				PRODUCT_NAME = "$(TARGET_NAME)";
				SWIFT_EMIT_LOC_STRINGS = YES;
				SWIFT_VERSION = 5.0;
				TARGETED_DEVICE_FAMILY = "1,2";
			};
			name = Release;
		};
		956876122A8A1DC2004C5446 /* Debug */ = {
			isa = XCBuildConfiguration;
			buildSettings = {
				ALWAYS_EMBED_SWIFT_STANDARD_LIBRARIES = YES;
				BUNDLE_LOADER = "$(TEST_HOST)";
				CODE_SIGN_STYLE = Automatic;
				CURRENT_PROJECT_VERSION = 1;
				DEVELOPMENT_TEAM = 2C69642RJ3;
				GENERATE_INFOPLIST_FILE = YES;
				IPHONEOS_DEPLOYMENT_TARGET = 16.2;
				MARKETING_VERSION = 1.0;
				PRODUCT_BUNDLE_IDENTIFIER = me.NihongoTests;
				PRODUCT_NAME = "$(TARGET_NAME)";
				SWIFT_EMIT_LOC_STRINGS = NO;
				SWIFT_VERSION = 5.0;
				TARGETED_DEVICE_FAMILY = "1,2";
				TEST_HOST = "$(BUILT_PRODUCTS_DIR)/Nihongo.app/$(BUNDLE_EXECUTABLE_FOLDER_PATH)/Nihongo";
			};
			name = Debug;
		};
		956876132A8A1DC2004C5446 /* Release */ = {
			isa = XCBuildConfiguration;
			buildSettings = {
				ALWAYS_EMBED_SWIFT_STANDARD_LIBRARIES = YES;
				BUNDLE_LOADER = "$(TEST_HOST)";
				CODE_SIGN_STYLE = Automatic;
				CURRENT_PROJECT_VERSION = 1;
				DEVELOPMENT_TEAM = 2C69642RJ3;
				GENERATE_INFOPLIST_FILE = YES;
				IPHONEOS_DEPLOYMENT_TARGET = 16.2;
				MARKETING_VERSION = 1.0;
				PRODUCT_BUNDLE_IDENTIFIER = me.NihongoTests;
				PRODUCT_NAME = "$(TARGET_NAME)";
				SWIFT_EMIT_LOC_STRINGS = NO;
				SWIFT_VERSION = 5.0;
				TARGETED_DEVICE_FAMILY = "1,2";
				TEST_HOST = "$(BUILT_PRODUCTS_DIR)/Nihongo.app/$(BUNDLE_EXECUTABLE_FOLDER_PATH)/Nihongo";
			};
			name = Release;
		};
/* End XCBuildConfiguration section */

/* Begin XCConfigurationList section */
		956875E52A8A1DBA004C5446 /* Build configuration list for PBXProject "Nihongo" */ = {
			isa = XCConfigurationList;
			buildConfigurations = (
				9568760C2A8A1DC2004C5446 /* Debug */,
				9568760D2A8A1DC2004C5446 /* Release */,
			);
			defaultConfigurationIsVisible = 0;
			defaultConfigurationName = Release;
		};
		9568760E2A8A1DC2004C5446 /* Build configuration list for PBXNativeTarget "Nihongo" */ = {
			isa = XCConfigurationList;
			buildConfigurations = (
				9568760F2A8A1DC2004C5446 /* Debug */,
				956876102A8A1DC2004C5446 /* Release */,
			);
			defaultConfigurationIsVisible = 0;
			defaultConfigurationName = Release;
		};
		956876112A8A1DC2004C5446 /* Build configuration list for PBXNativeTarget "NihongoTests" */ = {
			isa = XCConfigurationList;
			buildConfigurations = (
				956876122A8A1DC2004C5446 /* Debug */,
				956876132A8A1DC2004C5446 /* Release */,
			);
			defaultConfigurationIsVisible = 0;
			defaultConfigurationName = Release;
		};
/* End XCConfigurationList section */
	};
	rootObject = 956875E22A8A1DBA004C5446 /* Project object */;
}
